
Microsoft Visual Studio Solution File, Format Version 12.00
# Visual Studio 14
VisualStudioVersion = 14.0.23107.0
MinimumVisualStudioVersion = 10.0.40219.1
Project("{FAE04EC0-301F-11D3-BF4B-00C04F79EFBC}") = "Jasmine.NET", "Jasmine.NET\Jasmine.NET.csproj", "{889134A9-A8B7-410C-9053-936014CCEF42}"
EndProject
Project("{FAE04EC0-301F-11D3-BF4B-00C04F79EFBC}") = "Jasmine.NET.Test", "Jasmine.NET.Test\Jasmine.NET.Test.csproj", "{AC830DC2-5F88-4B7D-8C6A-85D49CFD7B16}"
EndProject
Global
	GlobalSection(SolutionConfigurationPlatforms) = preSolution
		Debug|Any CPU = Debug|Any CPU
		Release|Any CPU = Release|Any CPU
	EndGlobalSection
	GlobalSection(ProjectConfigurationPlatforms) = postSolution
		{889134A9-A8B7-410C-9053-936014CCEF42}.Debug|Any CPU.ActiveCfg = Debug|Any CPU
		{889134A9-A8B7-410C-9053-936014CCEF42}.Debug|Any CPU.Build.0 = Debug|Any CPU
		{889134A9-A8B7-410C-9053-936014CCEF42}.Release|Any CPU.ActiveCfg = Release|Any CPU
		{889134A9-A8B7-410C-9053-936014CCEF42}.Release|Any CPU.Build.0 = Release|Any CPU
		{AC830DC2-5F88-4B7D-8C6A-85D49CFD7B16}.Debug|Any CPU.ActiveCfg = Debug|Any CPU
		{AC830DC2-5F88-4B7D-8C6A-85D49CFD7B16}.Debug|Any CPU.Build.0 = Debug|Any CPU
		{AC830DC2-5F88-4B7D-8C6A-85D49CFD7B16}.Release|Any CPU.ActiveCfg = Release|Any CPU
		{AC830DC2-5F88-4B7D-8C6A-85D49CFD7B16}.Release|Any CPU.Build.0 = Release|Any CPU
	EndGlobalSection
	GlobalSection(SolutionProperties) = preSolution
		HideSolutionNode = FALSE
	EndGlobalSection
EndGlobal
